// !$*UTF8*$!
{
	archiveVersion = 1;
	classes = {
	};
	objectVersion = 46;
	objects = {

/* Begin PBXBuildFile section */
		EF69DFA31BB9EE57005243C3 /* Cheerios.cpp in Sources */ = {isa = PBXBuildFile; fileRef = EF69DF971BB9EE57005243C3 /* Cheerios.cpp */; settings = {ASSET_TAGS = (); }; };
		EF69DFA41BB9EE57005243C3 /* Game.cpp in Sources */ = {isa = PBXBuildFile; fileRef = EF69DF991BB9EE57005243C3 /* Game.cpp */; settings = {ASSET_TAGS = (); }; };
		EF69DFA51BB9EE57005243C3 /* GameManager.cpp in Sources */ = {isa = PBXBuildFile; fileRef = EF69DF9B1BB9EE57005243C3 /* GameManager.cpp */; settings = {ASSET_TAGS = (); }; };
		EF69DFA61BB9EE57005243C3 /* GameObjects.cpp in Sources */ = {isa = PBXBuildFile; fileRef = EF69DF9D1BB9EE57005243C3 /* GameObjects.cpp */; settings = {ASSET_TAGS = (); }; };
		EF69DFA71BB9EE57005243C3 /* Logger.cpp in Sources */ = {isa = PBXBuildFile; fileRef = EF69DF9F1BB9EE57005243C3 /* Logger.cpp */; settings = {ASSET_TAGS = (); }; };
		EF69DFA81BB9EE57005243C3 /* Track.cpp in Sources */ = {isa = PBXBuildFile; fileRef = EF69DFA11BB9EE57005243C3 /* Track.cpp */; settings = {ASSET_TAGS = (); }; };
		EF69DFAA1BB9EE7D005243C3 /* OpenGL.framework in Frameworks */ = {isa = PBXBuildFile; fileRef = EF69DFA91BB9EE7D005243C3 /* OpenGL.framework */; };
		EF69DFAC1BB9EE82005243C3 /* GLUT.framework in Frameworks */ = {isa = PBXBuildFile; fileRef = EF69DFAB1BB9EE82005243C3 /* GLUT.framework */; };
/* End PBXBuildFile section */

/* Begin PBXCopyFilesBuildPhase section */
		EF69DF8B1BB9EE3D005243C3 /* CopyFiles */ = {
			isa = PBXCopyFilesBuildPhase;
			buildActionMask = 2147483647;
			dstPath = /usr/share/man/man1/;
			dstSubfolderSpec = 0;
			files = (
			);
			runOnlyForDeploymentPostprocessing = 1;
		};
/* End PBXCopyFilesBuildPhase section */

/* Begin PBXFileReference section */
		EF69DF8D1BB9EE3D005243C3 /* Projecto */ = {isa = PBXFileReference; explicitFileType = "compiled.mach-o.executable"; includeInIndex = 0; path = Projecto; sourceTree = BUILT_PRODUCTS_DIR; };
		EF69DF971BB9EE57005243C3 /* Cheerios.cpp */ = {isa = PBXFileReference; fileEncoding = 4; lastKnownFileType = sourcecode.cpp.cpp; name = Cheerios.cpp; path = ../../project_1_entrega/Cheerios.cpp; sourceTree = "<group>"; };
		EF69DF981BB9EE57005243C3 /* Cheerios.h */ = {isa = PBXFileReference; fileEncoding = 4; lastKnownFileType = sourcecode.c.h; name = Cheerios.h; path = ../../project_1_entrega/Cheerios.h; sourceTree = "<group>"; };
		EF69DF991BB9EE57005243C3 /* Game.cpp */ = {isa = PBXFileReference; fileEncoding = 4; lastKnownFileType = sourcecode.cpp.cpp; name = Game.cpp; path = ../../project_1_entrega/Game.cpp; sourceTree = "<group>"; };
		EF69DF9A1BB9EE57005243C3 /* Game.h */ = {isa = PBXFileReference; fileEncoding = 4; lastKnownFileType = sourcecode.c.h; name = Game.h; path = ../../project_1_entrega/Game.h; sourceTree = "<group>"; };
		EF69DF9B1BB9EE57005243C3 /* GameManager.cpp */ = {isa = PBXFileReference; fileEncoding = 4; lastKnownFileType = sourcecode.cpp.cpp; name = GameManager.cpp; path = ../../project_1_entrega/GameManager.cpp; sourceTree = "<group>"; };
		EF69DF9C1BB9EE57005243C3 /* GameManager.h */ = {isa = PBXFileReference; fileEncoding = 4; lastKnownFileType = sourcecode.c.h; name = GameManager.h; path = ../../project_1_entrega/GameManager.h; sourceTree = "<group>"; };
		EF69DF9D1BB9EE57005243C3 /* GameObjects.cpp */ = {isa = PBXFileReference; fileEncoding = 4; lastKnownFileType = sourcecode.cpp.cpp; name = GameObjects.cpp; path = ../../project_1_entrega/GameObjects.cpp; sourceTree = "<group>"; };
		EF69DF9E1BB9EE57005243C3 /* GameObjects.h */ = {isa = PBXFileReference; fileEncoding = 4; lastKnownFileType = sourcecode.c.h; name = GameObjects.h; path = ../../project_1_entrega/GameObjects.h; sourceTree = "<group>"; };
		EF69DF9F1BB9EE57005243C3 /* Logger.cpp */ = {isa = PBXFileReference; fileEncoding = 4; lastKnownFileType = sourcecode.cpp.cpp; name = Logger.cpp; path = ../../project_1_entrega/Logger.cpp; sourceTree = "<group>"; };
		EF69DFA01BB9EE57005243C3 /* Logger.h */ = {isa = PBXFileReference; fileEncoding = 4; lastKnownFileType = sourcecode.c.h; name = Logger.h; path = ../../project_1_entrega/Logger.h; sourceTree = "<group>"; };
		EF69DFA11BB9EE57005243C3 /* Track.cpp */ = {isa = PBXFileReference; fileEncoding = 4; lastKnownFileType = sourcecode.cpp.cpp; name = Track.cpp; path = ../../project_1_entrega/Track.cpp; sourceTree = "<group>"; };
		EF69DFA21BB9EE57005243C3 /* Track.h */ = {isa = PBXFileReference; fileEncoding = 4; lastKnownFileType = sourcecode.c.h; name = Track.h; path = ../../project_1_entrega/Track.h; sourceTree = "<group>"; };
		EF69DFA91BB9EE7D005243C3 /* OpenGL.framework */ = {isa = PBXFileReference; lastKnownFileType = wrapper.framework; name = OpenGL.framework; path = System/Library/Frameworks/OpenGL.framework; sourceTree = SDKROOT; };
		EF69DFAB1BB9EE82005243C3 /* GLUT.framework */ = {isa = PBXFileReference; lastKnownFileType = wrapper.framework; name = GLUT.framework; path = System/Library/Frameworks/GLUT.framework; sourceTree = SDKROOT; };
/* End PBXFileReference section */

/* Begin PBXFrameworksBuildPhase section */
		EF69DF8A1BB9EE3D005243C3 /* Frameworks */ = {
			isa = PBXFrameworksBuildPhase;
			buildActionMask = 2147483647;
			files = (
				EF69DFAC1BB9EE82005243C3 /* GLUT.framework in Frameworks */,
				EF69DFAA1BB9EE7D005243C3 /* OpenGL.framework in Frameworks */,
			);
			runOnlyForDeploymentPostprocessing = 0;
		};
/* End PBXFrameworksBuildPhase section */

/* Begin PBXGroup section */
		EF69DF841BB9EE3D005243C3 = {
			isa = PBXGroup;
			children = (
				EF69DFAB1BB9EE82005243C3 /* GLUT.framework */,
				EF69DFA91BB9EE7D005243C3 /* OpenGL.framework */,
				EF69DF8F1BB9EE3D005243C3 /* Projecto */,
				EF69DF8E1BB9EE3D005243C3 /* Products */,
			);
			sourceTree = "<group>";
		};
		EF69DF8E1BB9EE3D005243C3 /* Products */ = {
			isa = PBXGroup;
			children = (
				EF69DF8D1BB9EE3D005243C3 /* Projecto */,
			);
			name = Products;
			sourceTree = "<group>";
		};
		EF69DF8F1BB9EE3D005243C3 /* Projecto */ = {
			isa = PBXGroup;
			children = (
				EF69DF971BB9EE57005243C3 /* Cheerios.cpp */,
				EF69DF981BB9EE57005243C3 /* Cheerios.h */,
				EF69DF991BB9EE57005243C3 /* Game.cpp */,
				EF69DF9A1BB9EE57005243C3 /* Game.h */,
				EF69DF9B1BB9EE57005243C3 /* GameManager.cpp */,
				EF69DF9C1BB9EE57005243C3 /* GameManager.h */,
				EF69DF9D1BB9EE57005243C3 /* GameObjects.cpp */,
				EF69DF9E1BB9EE57005243C3 /* GameObjects.h */,
				EF69DF9F1BB9EE57005243C3 /* Logger.cpp */,
				EF69DFA01BB9EE57005243C3 /* Logger.h */,
				EF69DFA11BB9EE57005243C3 /* Track.cpp */,
				EF69DFA21BB9EE57005243C3 /* Track.h */,
			);
			path = Projecto;
			sourceTree = "<group>";
		};
/* End PBXGroup section */

/* Begin PBXNativeTarget section */
		EF69DF8C1BB9EE3D005243C3 /* Projecto */ = {
			isa = PBXNativeTarget;
			buildConfigurationList = EF69DF941BB9EE3D005243C3 /* Build configuration list for PBXNativeTarget "Projecto" */;
			buildPhases = (
				EF69DF891BB9EE3D005243C3 /* Sources */,
				EF69DF8A1BB9EE3D005243C3 /* Frameworks */,
				EF69DF8B1BB9EE3D005243C3 /* CopyFiles */,
			);
			buildRules = (
			);
			dependencies = (
			);
			name = Projecto;
			productName = Projecto;
			productReference = EF69DF8D1BB9EE3D005243C3 /* Projecto */;
			productType = "com.apple.product-type.tool";
		};
/* End PBXNativeTarget section */

/* Begin PBXProject section */
		EF69DF851BB9EE3D005243C3 /* Project object */ = {
			isa = PBXProject;
			attributes = {
				LastUpgradeCheck = 0700;
				ORGANIZATIONNAME = "Ana Isabel Galvão";
				TargetAttributes = {
					EF69DF8C1BB9EE3D005243C3 = {
						CreatedOnToolsVersion = 7.0;
					};
				};
			};
			buildConfigurationList = EF69DF881BB9EE3D005243C3 /* Build configuration list for PBXProject "Projecto" */;
			compatibilityVersion = "Xcode 3.2";
			developmentRegion = English;
			hasScannedForEncodings = 0;
			knownRegions = (
				en,
			);
			mainGroup = EF69DF841BB9EE3D005243C3;
			productRefGroup = EF69DF8E1BB9EE3D005243C3 /* Products */;
			projectDirPath = "";
			projectRoot = "";
			targets = (
				EF69DF8C1BB9EE3D005243C3 /* Projecto */,
			);
		};
/* End PBXProject section */

/* Begin PBXSourcesBuildPhase section */
		EF69DF891BB9EE3D005243C3 /* Sources */ = {
			isa = PBXSourcesBuildPhase;
			buildActionMask = 2147483647;
			files = (
				EF69DFA81BB9EE57005243C3 /* Track.cpp in Sources */,
				EF69DFA41BB9EE57005243C3 /* Game.cpp in Sources */,
				EF69DFA71BB9EE57005243C3 /* Logger.cpp in Sources */,
				EF69DFA51BB9EE57005243C3 /* GameManager.cpp in Sources */,
				EF69DFA61BB9EE57005243C3 /* GameObjects.cpp in Sources */,
				EF69DFA31BB9EE57005243C3 /* Cheerios.cpp in Sources */,
			);
			runOnlyForDeploymentPostprocessing = 0;
		};
/* End PBXSourcesBuildPhase section */

/* Begin XCBuildConfiguration section */
		EF69DF921BB9EE3D005243C3 /* Debug */ = {
			isa = XCBuildConfiguration;
			buildSettings = {
				ALWAYS_SEARCH_USER_PATHS = NO;
				CLANG_CXX_LANGUAGE_STANDARD = "gnu++0x";
				CLANG_CXX_LIBRARY = "libc++";
				CLANG_ENABLE_MODULES = YES;
				CLANG_ENABLE_OBJC_ARC = YES;
				CLANG_WARN_BOOL_CONVERSION = YES;
				CLANG_WARN_CONSTANT_CONVERSION = YES;
				CLANG_WARN_DIRECT_OBJC_ISA_USAGE = YES_ERROR;
				CLANG_WARN_EMPTY_BODY = YES;
				CLANG_WARN_ENUM_CONVERSION = YES;
				CLANG_WARN_INT_CONVERSION = YES;
				CLANG_WARN_OBJC_ROOT_CLASS = YES_ERROR;
				CLANG_WARN_UNREACHABLE_CODE = YES;
				CLANG_WARN__DUPLICATE_METHOD_MATCH = YES;
				COPY_PHASE_STRIP = NO;
				DEBUG_INFORMATION_FORMAT = dwarf;
				ENABLE_STRICT_OBJC_MSGSEND = YES;
				ENABLE_TESTABILITY = YES;
				GCC_C_LANGUAGE_STANDARD = gnu99;
				GCC_DYNAMIC_NO_PIC = NO;
				GCC_NO_COMMON_BLOCKS = YES;
				GCC_OPTIMIZATION_LEVEL = 0;
				GCC_PREPROCESSOR_DEFINITIONS = (
					"DEBUG=1",
					"$(inherited)",
				);
				GCC_WARN_64_TO_32_BIT_CONVERSION = YES;
				GCC_WARN_ABOUT_RETURN_TYPE = YES_ERROR;
				GCC_WARN_UNDECLARED_SELECTOR = YES;
				GCC_WARN_UNINITIALIZED_AUTOS = YES_AGGRESSIVE;
				GCC_WARN_UNUSED_FUNCTION = YES;
				GCC_WARN_UNUSED_VARIABLE = YES;
				MACOSX_DEPLOYMENT_TARGET = 10.10;
				MTL_ENABLE_DEBUG_INFO = YES;
				ONLY_ACTIVE_ARCH = YES;
				SDKROOT = macosx;
			};
			name = Debug;
		};
		EF69DF931BB9EE3D005243C3 /* Release */ = {
			isa = XCBuildConfiguration;
			buildSettings = {
				ALWAYS_SEARCH_USER_PATHS = NO;
				CLANG_CXX_LANGUAGE_STANDARD = "gnu++0x";
				CLANG_CXX_LIBRARY = "libc++";
				CLANG_ENABLE_MODULES = YES;
				CLANG_ENABLE_OBJC_ARC = YES;
				CLANG_WARN_BOOL_CONVERSION = YES;
				CLANG_WARN_CONSTANT_CONVERSION = YES;
				CLANG_WARN_DIRECT_OBJC_ISA_USAGE = YES_ERROR;
				CLANG_WARN_EMPTY_BODY = YES;
				CLANG_WARN_ENUM_CONVERSION = YES;
				CLANG_WARN_INT_CONVERSION = YES;
				CLANG_WARN_OBJC_ROOT_CLASS = YES_ERROR;
				CLANG_WARN_UNREACHABLE_CODE = YES;
				CLANG_WARN__DUPLICATE_METHOD_MATCH = YES;
				COPY_PHASE_STRIP = NO;
				DEBUG_INFORMATION_FORMAT = "dwarf-with-dsym";
				ENABLE_NS_ASSERTIONS = NO;
				ENABLE_STRICT_OBJC_MSGSEND = YES;
				GCC_C_LANGUAGE_STANDARD = gnu99;
				GCC_NO_COMMON_BLOCKS = YES;
				GCC_WARN_64_TO_32_BIT_CONVERSION = YES;
				GCC_WARN_ABOUT_RETURN_TYPE = YES_ERROR;
				GCC_WARN_UNDECLARED_SELECTOR = YES;
				GCC_WARN_UNINITIALIZED_AUTOS = YES_AGGRESSIVE;
				GCC_WARN_UNUSED_FUNCTION = YES;
				GCC_WARN_UNUSED_VARIABLE = YES;
				MACOSX_DEPLOYMENT_TARGET = 10.10;
				MTL_ENABLE_DEBUG_INFO = NO;
				SDKROOT = macosx;
			};
			name = Release;
		};
		EF69DF951BB9EE3D005243C3 /* Debug */ = {
			isa = XCBuildConfiguration;
			buildSettings = {
				PRODUCT_NAME = "$(TARGET_NAME)";
			};
			name = Debug;
		};
		EF69DF961BB9EE3D005243C3 /* Release */ = {
			isa = XCBuildConfiguration;
			buildSettings = {
				PRODUCT_NAME = "$(TARGET_NAME)";
			};
			name = Release;
		};
/* End XCBuildConfiguration section */

/* Begin XCConfigurationList section */
		EF69DF881BB9EE3D005243C3 /* Build configuration list for PBXProject "Projecto" */ = {
			isa = XCConfigurationList;
			buildConfigurations = (
				EF69DF921BB9EE3D005243C3 /* Debug */,
				EF69DF931BB9EE3D005243C3 /* Release */,
			);
			defaultConfigurationIsVisible = 0;
			defaultConfigurationName = Release;
		};
		EF69DF941BB9EE3D005243C3 /* Build configuration list for PBXNativeTarget "Projecto" */ = {
			isa = XCConfigurationList;
			buildConfigurations = (
				EF69DF951BB9EE3D005243C3 /* Debug */,
				EF69DF961BB9EE3D005243C3 /* Release */,
			);
			defaultConfigurationIsVisible = 0;
		};
/* End XCConfigurationList section */
	};
	rootObject = EF69DF851BB9EE3D005243C3 /* Project object */;
}
