// !$*UTF8*$!
{
	archiveVersion = 1;
	classes = {
	};
	objectVersion = 46;
	objects = {

/* Begin PBXBuildFile section */
		EF3560321BBB09C900ED0D13 /* Cheerios.cpp in Sources */ = {isa = PBXBuildFile; fileRef = EF3560261BBB09C900ED0D13 /* Cheerios.cpp */; settings = {ASSET_TAGS = (); }; };
		EF3560331BBB09C900ED0D13 /* Game.cpp in Sources */ = {isa = PBXBuildFile; fileRef = EF3560281BBB09C900ED0D13 /* Game.cpp */; settings = {ASSET_TAGS = (); }; };
		EF3560341BBB09C900ED0D13 /* GameManager.cpp in Sources */ = {isa = PBXBuildFile; fileRef = EF35602A1BBB09C900ED0D13 /* GameManager.cpp */; settings = {ASSET_TAGS = (); }; };
		EF3560351BBB09C900ED0D13 /* GameObjects.cpp in Sources */ = {isa = PBXBuildFile; fileRef = EF35602C1BBB09C900ED0D13 /* GameObjects.cpp */; settings = {ASSET_TAGS = (); }; };
		EF3560361BBB09C900ED0D13 /* Logger.cpp in Sources */ = {isa = PBXBuildFile; fileRef = EF35602E1BBB09C900ED0D13 /* Logger.cpp */; settings = {ASSET_TAGS = (); }; };
		EF3560371BBB09C900ED0D13 /* Track.cpp in Sources */ = {isa = PBXBuildFile; fileRef = EF3560301BBB09C900ED0D13 /* Track.cpp */; settings = {ASSET_TAGS = (); }; };
		EF3560391BBB0A0F00ED0D13 /* GLUT.framework in Frameworks */ = {isa = PBXBuildFile; fileRef = EF3560381BBB0A0F00ED0D13 /* GLUT.framework */; };
		EF35603B1BBB0A1400ED0D13 /* OpenGL.framework in Frameworks */ = {isa = PBXBuildFile; fileRef = EF35603A1BBB0A1400ED0D13 /* OpenGL.framework */; };
/* End PBXBuildFile section */

/* Begin PBXCopyFilesBuildPhase section */
		EF35601A1BBB09BF00ED0D13 /* CopyFiles */ = {
			isa = PBXCopyFilesBuildPhase;
			buildActionMask = 2147483647;
			dstPath = /usr/share/man/man1/;
			dstSubfolderSpec = 0;
			files = (
			);
			runOnlyForDeploymentPostprocessing = 1;
		};
/* End PBXCopyFilesBuildPhase section */

/* Begin PBXFileReference section */
		EF35601C1BBB09BF00ED0D13 /* Projecto */ = {isa = PBXFileReference; explicitFileType = "compiled.mach-o.executable"; includeInIndex = 0; path = Projecto; sourceTree = BUILT_PRODUCTS_DIR; };
		EF3560261BBB09C900ED0D13 /* Cheerios.cpp */ = {isa = PBXFileReference; fileEncoding = 4; lastKnownFileType = sourcecode.cpp.cpp; name = Cheerios.cpp; path = ../../project_1_entrega/project_1_entrega/Cheerios.cpp; sourceTree = "<group>"; };
		EF3560271BBB09C900ED0D13 /* Cheerios.h */ = {isa = PBXFileReference; fileEncoding = 4; lastKnownFileType = sourcecode.c.h; name = Cheerios.h; path = ../../project_1_entrega/project_1_entrega/Cheerios.h; sourceTree = "<group>"; };
		EF3560281BBB09C900ED0D13 /* Game.cpp */ = {isa = PBXFileReference; fileEncoding = 4; lastKnownFileType = sourcecode.cpp.cpp; name = Game.cpp; path = ../../project_1_entrega/project_1_entrega/Game.cpp; sourceTree = "<group>"; };
		EF3560291BBB09C900ED0D13 /* Game.h */ = {isa = PBXFileReference; fileEncoding = 4; lastKnownFileType = sourcecode.c.h; name = Game.h; path = ../../project_1_entrega/project_1_entrega/Game.h; sourceTree = "<group>"; };
		EF35602A1BBB09C900ED0D13 /* GameManager.cpp */ = {isa = PBXFileReference; fileEncoding = 4; lastKnownFileType = sourcecode.cpp.cpp; name = GameManager.cpp; path = ../../project_1_entrega/project_1_entrega/GameManager.cpp; sourceTree = "<group>"; };
		EF35602B1BBB09C900ED0D13 /* GameManager.h */ = {isa = PBXFileReference; fileEncoding = 4; lastKnownFileType = sourcecode.c.h; name = GameManager.h; path = ../../project_1_entrega/project_1_entrega/GameManager.h; sourceTree = "<group>"; };
		EF35602C1BBB09C900ED0D13 /* GameObjects.cpp */ = {isa = PBXFileReference; fileEncoding = 4; lastKnownFileType = sourcecode.cpp.cpp; name = GameObjects.cpp; path = ../../project_1_entrega/project_1_entrega/GameObjects.cpp; sourceTree = "<group>"; };
		EF35602D1BBB09C900ED0D13 /* GameObjects.h */ = {isa = PBXFileReference; fileEncoding = 4; lastKnownFileType = sourcecode.c.h; name = GameObjects.h; path = ../../project_1_entrega/project_1_entrega/GameObjects.h; sourceTree = "<group>"; };
		EF35602E1BBB09C900ED0D13 /* Logger.cpp */ = {isa = PBXFileReference; fileEncoding = 4; lastKnownFileType = sourcecode.cpp.cpp; name = Logger.cpp; path = ../../project_1_entrega/project_1_entrega/Logger.cpp; sourceTree = "<group>"; };
		EF35602F1BBB09C900ED0D13 /* Logger.h */ = {isa = PBXFileReference; fileEncoding = 4; lastKnownFileType = sourcecode.c.h; name = Logger.h; path = ../../project_1_entrega/project_1_entrega/Logger.h; sourceTree = "<group>"; };
		EF3560301BBB09C900ED0D13 /* Track.cpp */ = {isa = PBXFileReference; fileEncoding = 4; lastKnownFileType = sourcecode.cpp.cpp; name = Track.cpp; path = ../../project_1_entrega/project_1_entrega/Track.cpp; sourceTree = "<group>"; };
		EF3560311BBB09C900ED0D13 /* Track.h */ = {isa = PBXFileReference; fileEncoding = 4; lastKnownFileType = sourcecode.c.h; name = Track.h; path = ../../project_1_entrega/project_1_entrega/Track.h; sourceTree = "<group>"; };
		EF3560381BBB0A0F00ED0D13 /* GLUT.framework */ = {isa = PBXFileReference; lastKnownFileType = wrapper.framework; name = GLUT.framework; path = System/Library/Frameworks/GLUT.framework; sourceTree = SDKROOT; };
		EF35603A1BBB0A1400ED0D13 /* OpenGL.framework */ = {isa = PBXFileReference; lastKnownFileType = wrapper.framework; name = OpenGL.framework; path = System/Library/Frameworks/OpenGL.framework; sourceTree = SDKROOT; };
/* End PBXFileReference section */

/* Begin PBXFrameworksBuildPhase section */
		EF3560191BBB09BF00ED0D13 /* Frameworks */ = {
			isa = PBXFrameworksBuildPhase;
			buildActionMask = 2147483647;
			files = (
				EF35603B1BBB0A1400ED0D13 /* OpenGL.framework in Frameworks */,
				EF3560391BBB0A0F00ED0D13 /* GLUT.framework in Frameworks */,
			);
			runOnlyForDeploymentPostprocessing = 0;
		};
/* End PBXFrameworksBuildPhase section */

/* Begin PBXGroup section */
		EF3560131BBB09BF00ED0D13 = {
			isa = PBXGroup;
			children = (
				EF35603A1BBB0A1400ED0D13 /* OpenGL.framework */,
				EF3560381BBB0A0F00ED0D13 /* GLUT.framework */,
				EF35601E1BBB09BF00ED0D13 /* Projecto */,
				EF35601D1BBB09BF00ED0D13 /* Products */,
			);
			sourceTree = "<group>";
		};
		EF35601D1BBB09BF00ED0D13 /* Products */ = {
			isa = PBXGroup;
			children = (
				EF35601C1BBB09BF00ED0D13 /* Projecto */,
			);
			name = Products;
			sourceTree = "<group>";
		};
		EF35601E1BBB09BF00ED0D13 /* Projecto */ = {
			isa = PBXGroup;
			children = (
				EF3560261BBB09C900ED0D13 /* Cheerios.cpp */,
				EF3560271BBB09C900ED0D13 /* Cheerios.h */,
				EF3560281BBB09C900ED0D13 /* Game.cpp */,
				EF3560291BBB09C900ED0D13 /* Game.h */,
				EF35602A1BBB09C900ED0D13 /* GameManager.cpp */,
				EF35602B1BBB09C900ED0D13 /* GameManager.h */,
				EF35602C1BBB09C900ED0D13 /* GameObjects.cpp */,
				EF35602D1BBB09C900ED0D13 /* GameObjects.h */,
				EF35602E1BBB09C900ED0D13 /* Logger.cpp */,
				EF35602F1BBB09C900ED0D13 /* Logger.h */,
				EF3560301BBB09C900ED0D13 /* Track.cpp */,
				EF3560311BBB09C900ED0D13 /* Track.h */,
			);
			path = Projecto;
			sourceTree = "<group>";
		};
/* End PBXGroup section */

/* Begin PBXNativeTarget section */
		EF35601B1BBB09BF00ED0D13 /* Projecto */ = {
			isa = PBXNativeTarget;
			buildConfigurationList = EF3560231BBB09BF00ED0D13 /* Build configuration list for PBXNativeTarget "Projecto" */;
			buildPhases = (
				EF3560181BBB09BF00ED0D13 /* Sources */,
				EF3560191BBB09BF00ED0D13 /* Frameworks */,
				EF35601A1BBB09BF00ED0D13 /* CopyFiles */,
			);
			buildRules = (
			);
			dependencies = (
			);
			name = Projecto;
			productName = Projecto;
			productReference = EF35601C1BBB09BF00ED0D13 /* Projecto */;
			productType = "com.apple.product-type.tool";
		};
/* End PBXNativeTarget section */

/* Begin PBXProject section */
		EF3560141BBB09BF00ED0D13 /* Project object */ = {
			isa = PBXProject;
			attributes = {
				LastUpgradeCheck = 0700;
				ORGANIZATIONNAME = "Ana Isabel Galvão";
				TargetAttributes = {
					EF35601B1BBB09BF00ED0D13 = {
						CreatedOnToolsVersion = 7.0.1;
					};
				};
			};
			buildConfigurationList = EF3560171BBB09BF00ED0D13 /* Build configuration list for PBXProject "Projecto" */;
			compatibilityVersion = "Xcode 3.2";
			developmentRegion = English;
			hasScannedForEncodings = 0;
			knownRegions = (
				en,
			);
			mainGroup = EF3560131BBB09BF00ED0D13;
			productRefGroup = EF35601D1BBB09BF00ED0D13 /* Products */;
			projectDirPath = "";
			projectRoot = "";
			targets = (
				EF35601B1BBB09BF00ED0D13 /* Projecto */,
			);
		};
/* End PBXProject section */

/* Begin PBXSourcesBuildPhase section */
		EF3560181BBB09BF00ED0D13 /* Sources */ = {
			isa = PBXSourcesBuildPhase;
			buildActionMask = 2147483647;
			files = (
				EF3560371BBB09C900ED0D13 /* Track.cpp in Sources */,
				EF3560331BBB09C900ED0D13 /* Game.cpp in Sources */,
				EF3560361BBB09C900ED0D13 /* Logger.cpp in Sources */,
				EF3560341BBB09C900ED0D13 /* GameManager.cpp in Sources */,
				EF3560351BBB09C900ED0D13 /* GameObjects.cpp in Sources */,
				EF3560321BBB09C900ED0D13 /* Cheerios.cpp in Sources */,
			);
			runOnlyForDeploymentPostprocessing = 0;
		};
/* End PBXSourcesBuildPhase section */

/* Begin XCBuildConfiguration section */
		EF3560211BBB09BF00ED0D13 /* Debug */ = {
			isa = XCBuildConfiguration;
			buildSettings = {
				ALWAYS_SEARCH_USER_PATHS = NO;
				CLANG_CXX_LANGUAGE_STANDARD = "gnu++0x";
				CLANG_CXX_LIBRARY = "libc++";
				CLANG_ENABLE_MODULES = YES;
				CLANG_ENABLE_OBJC_ARC = YES;
				CLANG_WARN_BOOL_CONVERSION = YES;
				CLANG_WARN_CONSTANT_CONVERSION = YES;
				CLANG_WARN_DIRECT_OBJC_ISA_USAGE = YES_ERROR;
				CLANG_WARN_EMPTY_BODY = YES;
				CLANG_WARN_ENUM_CONVERSION = YES;
				CLANG_WARN_INT_CONVERSION = YES;
				CLANG_WARN_OBJC_ROOT_CLASS = YES_ERROR;
				CLANG_WARN_UNREACHABLE_CODE = YES;
				CLANG_WARN__DUPLICATE_METHOD_MATCH = YES;
				COPY_PHASE_STRIP = NO;
				DEBUG_INFORMATION_FORMAT = dwarf;
				ENABLE_STRICT_OBJC_MSGSEND = YES;
				ENABLE_TESTABILITY = YES;
				GCC_C_LANGUAGE_STANDARD = gnu99;
				GCC_DYNAMIC_NO_PIC = NO;
				GCC_NO_COMMON_BLOCKS = YES;
				GCC_OPTIMIZATION_LEVEL = 0;
				GCC_PREPROCESSOR_DEFINITIONS = (
					"DEBUG=1",
					"$(inherited)",
				);
				GCC_WARN_64_TO_32_BIT_CONVERSION = YES;
				GCC_WARN_ABOUT_RETURN_TYPE = YES_ERROR;
				GCC_WARN_UNDECLARED_SELECTOR = YES;
				GCC_WARN_UNINITIALIZED_AUTOS = YES_AGGRESSIVE;
				GCC_WARN_UNUSED_FUNCTION = YES;
				GCC_WARN_UNUSED_VARIABLE = YES;
				MACOSX_DEPLOYMENT_TARGET = 10.10;
				MTL_ENABLE_DEBUG_INFO = YES;
				ONLY_ACTIVE_ARCH = YES;
				SDKROOT = macosx;
			};
			name = Debug;
		};
		EF3560221BBB09BF00ED0D13 /* Release */ = {
			isa = XCBuildConfiguration;
			buildSettings = {
				ALWAYS_SEARCH_USER_PATHS = NO;
				CLANG_CXX_LANGUAGE_STANDARD = "gnu++0x";
				CLANG_CXX_LIBRARY = "libc++";
				CLANG_ENABLE_MODULES = YES;
				CLANG_ENABLE_OBJC_ARC = YES;
				CLANG_WARN_BOOL_CONVERSION = YES;
				CLANG_WARN_CONSTANT_CONVERSION = YES;
				CLANG_WARN_DIRECT_OBJC_ISA_USAGE = YES_ERROR;
				CLANG_WARN_EMPTY_BODY = YES;
				CLANG_WARN_ENUM_CONVERSION = YES;
				CLANG_WARN_INT_CONVERSION = YES;
				CLANG_WARN_OBJC_ROOT_CLASS = YES_ERROR;
				CLANG_WARN_UNREACHABLE_CODE = YES;
				CLANG_WARN__DUPLICATE_METHOD_MATCH = YES;
				COPY_PHASE_STRIP = NO;
				DEBUG_INFORMATION_FORMAT = "dwarf-with-dsym";
				ENABLE_NS_ASSERTIONS = NO;
				ENABLE_STRICT_OBJC_MSGSEND = YES;
				GCC_C_LANGUAGE_STANDARD = gnu99;
				GCC_NO_COMMON_BLOCKS = YES;
				GCC_WARN_64_TO_32_BIT_CONVERSION = YES;
				GCC_WARN_ABOUT_RETURN_TYPE = YES_ERROR;
				GCC_WARN_UNDECLARED_SELECTOR = YES;
				GCC_WARN_UNINITIALIZED_AUTOS = YES_AGGRESSIVE;
				GCC_WARN_UNUSED_FUNCTION = YES;
				GCC_WARN_UNUSED_VARIABLE = YES;
				MACOSX_DEPLOYMENT_TARGET = 10.10;
				MTL_ENABLE_DEBUG_INFO = NO;
				SDKROOT = macosx;
			};
			name = Release;
		};
		EF3560241BBB09BF00ED0D13 /* Debug */ = {
			isa = XCBuildConfiguration;
			buildSettings = {
				PRODUCT_NAME = "$(TARGET_NAME)";
			};
			name = Debug;
		};
		EF3560251BBB09BF00ED0D13 /* Release */ = {
			isa = XCBuildConfiguration;
			buildSettings = {
				PRODUCT_NAME = "$(TARGET_NAME)";
			};
			name = Release;
		};
/* End XCBuildConfiguration section */

/* Begin XCConfigurationList section */
		EF3560171BBB09BF00ED0D13 /* Build configuration list for PBXProject "Projecto" */ = {
			isa = XCConfigurationList;
			buildConfigurations = (
				EF3560211BBB09BF00ED0D13 /* Debug */,
				EF3560221BBB09BF00ED0D13 /* Release */,
			);
			defaultConfigurationIsVisible = 0;
			defaultConfigurationName = Release;
		};
		EF3560231BBB09BF00ED0D13 /* Build configuration list for PBXNativeTarget "Projecto" */ = {
			isa = XCConfigurationList;
			buildConfigurations = (
				EF3560241BBB09BF00ED0D13 /* Debug */,
				EF3560251BBB09BF00ED0D13 /* Release */,
			);
			defaultConfigurationIsVisible = 0;
		};
/* End XCConfigurationList section */
	};
	rootObject = EF3560141BBB09BF00ED0D13 /* Project object */;
}
