// !$*UTF8*$!
{
	archiveVersion = 1;
	classes = {
	};
	objectVersion = 46;
	objects = {

/* Begin PBXBuildFile section */
		0EC2E8251BCFCC7300E148AB /* main.cpp in Sources */ = {isa = PBXBuildFile; fileRef = 0EC2E8241BCFCC7300E148AB /* main.cpp */; };
		0EC2E82A1BCFCC8100E148AB /* GLUT.framework in Frameworks */ = {isa = PBXBuildFile; fileRef = 0EC2E8291BCFCC8100E148AB /* GLUT.framework */; };
		0EC2E82C1BCFCC8700E148AB /* OpenGL.framework in Frameworks */ = {isa = PBXBuildFile; fileRef = 0EC2E82B1BCFCC8700E148AB /* OpenGL.framework */; };
/* End PBXBuildFile section */

/* Begin PBXCopyFilesBuildPhase section */
		0EC2E81F1BCFCC7300E148AB /* CopyFiles */ = {
			isa = PBXCopyFilesBuildPhase;
			buildActionMask = 2147483647;
			dstPath = /usr/share/man/man1/;
			dstSubfolderSpec = 0;
			files = (
			);
			runOnlyForDeploymentPostprocessing = 1;
		};
/* End PBXCopyFilesBuildPhase section */

/* Begin PBXFileReference section */
		0EC2E8211BCFCC7300E148AB /* cameras */ = {isa = PBXFileReference; explicitFileType = "compiled.mach-o.executable"; includeInIndex = 0; path = cameras; sourceTree = BUILT_PRODUCTS_DIR; };
		0EC2E8241BCFCC7300E148AB /* main.cpp */ = {isa = PBXFileReference; lastKnownFileType = sourcecode.cpp.cpp; path = main.cpp; sourceTree = "<group>"; };
		0EC2E8291BCFCC8100E148AB /* GLUT.framework */ = {isa = PBXFileReference; lastKnownFileType = wrapper.framework; name = GLUT.framework; path = System/Library/Frameworks/GLUT.framework; sourceTree = SDKROOT; };
		0EC2E82B1BCFCC8700E148AB /* OpenGL.framework */ = {isa = PBXFileReference; lastKnownFileType = wrapper.framework; name = OpenGL.framework; path = System/Library/Frameworks/OpenGL.framework; sourceTree = SDKROOT; };
/* End PBXFileReference section */

/* Begin PBXFrameworksBuildPhase section */
		0EC2E81E1BCFCC7300E148AB /* Frameworks */ = {
			isa = PBXFrameworksBuildPhase;
			buildActionMask = 2147483647;
			files = (
				0EC2E82C1BCFCC8700E148AB /* OpenGL.framework in Frameworks */,
				0EC2E82A1BCFCC8100E148AB /* GLUT.framework in Frameworks */,
			);
			runOnlyForDeploymentPostprocessing = 0;
		};
/* End PBXFrameworksBuildPhase section */

/* Begin PBXGroup section */
		0EC2E8161BCFCC6900E148AB = {
			isa = PBXGroup;
			children = (
				0EC2E82B1BCFCC8700E148AB /* OpenGL.framework */,
				0EC2E8291BCFCC8100E148AB /* GLUT.framework */,
				0EC2E8231BCFCC7300E148AB /* cameras */,
				0EC2E8221BCFCC7300E148AB /* Products */,
			);
			sourceTree = "<group>";
		};
		0EC2E8221BCFCC7300E148AB /* Products */ = {
			isa = PBXGroup;
			children = (
				0EC2E8211BCFCC7300E148AB /* cameras */,
			);
			name = Products;
			sourceTree = "<group>";
		};
		0EC2E8231BCFCC7300E148AB /* cameras */ = {
			isa = PBXGroup;
			children = (
				0EC2E8241BCFCC7300E148AB /* main.cpp */,
			);
			path = cameras;
			sourceTree = "<group>";
		};
/* End PBXGroup section */

/* Begin PBXNativeTarget section */
		0EC2E8201BCFCC7300E148AB /* cameras */ = {
			isa = PBXNativeTarget;
			buildConfigurationList = 0EC2E8261BCFCC7300E148AB /* Build configuration list for PBXNativeTarget "cameras" */;
			buildPhases = (
				0EC2E81D1BCFCC7300E148AB /* Sources */,
				0EC2E81E1BCFCC7300E148AB /* Frameworks */,
				0EC2E81F1BCFCC7300E148AB /* CopyFiles */,
			);
			buildRules = (
			);
			dependencies = (
			);
			name = cameras;
			productName = cameras;
			productReference = 0EC2E8211BCFCC7300E148AB /* cameras */;
			productType = "com.apple.product-type.tool";
		};
/* End PBXNativeTarget section */

/* Begin PBXProject section */
		0EC2E8171BCFCC6900E148AB /* Project object */ = {
			isa = PBXProject;
			attributes = {
				LastUpgradeCheck = 0640;
				TargetAttributes = {
					0EC2E8201BCFCC7300E148AB = {
						CreatedOnToolsVersion = 6.4;
					};
				};
			};
			buildConfigurationList = 0EC2E81A1BCFCC6900E148AB /* Build configuration list for PBXProject "testing_cameras" */;
			compatibilityVersion = "Xcode 3.2";
			developmentRegion = English;
			hasScannedForEncodings = 0;
			knownRegions = (
				en,
			);
			mainGroup = 0EC2E8161BCFCC6900E148AB;
			productRefGroup = 0EC2E8221BCFCC7300E148AB /* Products */;
			projectDirPath = "";
			projectRoot = "";
			targets = (
				0EC2E8201BCFCC7300E148AB /* cameras */,
			);
		};
/* End PBXProject section */

/* Begin PBXSourcesBuildPhase section */
		0EC2E81D1BCFCC7300E148AB /* Sources */ = {
			isa = PBXSourcesBuildPhase;
			buildActionMask = 2147483647;
			files = (
				0EC2E8251BCFCC7300E148AB /* main.cpp in Sources */,
			);
			runOnlyForDeploymentPostprocessing = 0;
		};
/* End PBXSourcesBuildPhase section */

/* Begin XCBuildConfiguration section */
		0EC2E81B1BCFCC6900E148AB /* Debug */ = {
			isa = XCBuildConfiguration;
			buildSettings = {
			};
			name = Debug;
		};
		0EC2E81C1BCFCC6900E148AB /* Release */ = {
			isa = XCBuildConfiguration;
			buildSettings = {
			};
			name = Release;
		};
		0EC2E8271BCFCC7300E148AB /* Debug */ = {
			isa = XCBuildConfiguration;
			buildSettings = {
				ALWAYS_SEARCH_USER_PATHS = NO;
				CLANG_CXX_LANGUAGE_STANDARD = "gnu++0x";
				CLANG_CXX_LIBRARY = "libc++";
				CLANG_ENABLE_MODULES = YES;
				CLANG_ENABLE_OBJC_ARC = YES;
				CLANG_WARN_BOOL_CONVERSION = YES;
				CLANG_WARN_CONSTANT_CONVERSION = YES;
				CLANG_WARN_DIRECT_OBJC_ISA_USAGE = YES_ERROR;
				CLANG_WARN_EMPTY_BODY = YES;
				CLANG_WARN_ENUM_CONVERSION = YES;
				CLANG_WARN_INT_CONVERSION = YES;
				CLANG_WARN_OBJC_ROOT_CLASS = YES_ERROR;
				CLANG_WARN_UNREACHABLE_CODE = YES;
				CLANG_WARN__DUPLICATE_METHOD_MATCH = YES;
				COPY_PHASE_STRIP = NO;
				DEBUG_INFORMATION_FORMAT = dwarf;
				ENABLE_STRICT_OBJC_MSGSEND = YES;
				GCC_C_LANGUAGE_STANDARD = gnu99;
				GCC_DYNAMIC_NO_PIC = NO;
				GCC_NO_COMMON_BLOCKS = YES;
				GCC_OPTIMIZATION_LEVEL = 0;
				GCC_PREPROCESSOR_DEFINITIONS = (
					"DEBUG=1",
					"$(inherited)",
				);
				GCC_SYMBOLS_PRIVATE_EXTERN = NO;
				GCC_WARN_64_TO_32_BIT_CONVERSION = YES;
				GCC_WARN_ABOUT_RETURN_TYPE = YES_ERROR;
				GCC_WARN_UNDECLARED_SELECTOR = YES;
				GCC_WARN_UNINITIALIZED_AUTOS = YES_AGGRESSIVE;
				GCC_WARN_UNUSED_FUNCTION = YES;
				GCC_WARN_UNUSED_VARIABLE = YES;
				MACOSX_DEPLOYMENT_TARGET = 10.8;
				MTL_ENABLE_DEBUG_INFO = YES;
				ONLY_ACTIVE_ARCH = YES;
				PRODUCT_NAME = "$(TARGET_NAME)";
				SDKROOT = macosx;
			};
			name = Debug;
		};
		0EC2E8281BCFCC7300E148AB /* Release */ = {
			isa = XCBuildConfiguration;
			buildSettings = {
				ALWAYS_SEARCH_USER_PATHS = NO;
				CLANG_CXX_LANGUAGE_STANDARD = "gnu++0x";
				CLANG_CXX_LIBRARY = "libc++";
				CLANG_ENABLE_MODULES = YES;
				CLANG_ENABLE_OBJC_ARC = YES;
				CLANG_WARN_BOOL_CONVERSION = YES;
				CLANG_WARN_CONSTANT_CONVERSION = YES;
				CLANG_WARN_DIRECT_OBJC_ISA_USAGE = YES_ERROR;
				CLANG_WARN_EMPTY_BODY = YES;
				CLANG_WARN_ENUM_CONVERSION = YES;
				CLANG_WARN_INT_CONVERSION = YES;
				CLANG_WARN_OBJC_ROOT_CLASS = YES_ERROR;
				CLANG_WARN_UNREACHABLE_CODE = YES;
				CLANG_WARN__DUPLICATE_METHOD_MATCH = YES;
				COPY_PHASE_STRIP = NO;
				DEBUG_INFORMATION_FORMAT = "dwarf-with-dsym";
				ENABLE_NS_ASSERTIONS = NO;
				ENABLE_STRICT_OBJC_MSGSEND = YES;
				GCC_C_LANGUAGE_STANDARD = gnu99;
				GCC_NO_COMMON_BLOCKS = YES;
				GCC_WARN_64_TO_32_BIT_CONVERSION = YES;
				GCC_WARN_ABOUT_RETURN_TYPE = YES_ERROR;
				GCC_WARN_UNDECLARED_SELECTOR = YES;
				GCC_WARN_UNINITIALIZED_AUTOS = YES_AGGRESSIVE;
				GCC_WARN_UNUSED_FUNCTION = YES;
				GCC_WARN_UNUSED_VARIABLE = YES;
				MACOSX_DEPLOYMENT_TARGET = 10.8;
				MTL_ENABLE_DEBUG_INFO = NO;
				PRODUCT_NAME = "$(TARGET_NAME)";
				SDKROOT = macosx;
			};
			name = Release;
		};
/* End XCBuildConfiguration section */

/* Begin XCConfigurationList section */
		0EC2E81A1BCFCC6900E148AB /* Build configuration list for PBXProject "testing_cameras" */ = {
			isa = XCConfigurationList;
			buildConfigurations = (
				0EC2E81B1BCFCC6900E148AB /* Debug */,
				0EC2E81C1BCFCC6900E148AB /* Release */,
			);
			defaultConfigurationIsVisible = 0;
			defaultConfigurationName = Release;
		};
		0EC2E8261BCFCC7300E148AB /* Build configuration list for PBXNativeTarget "cameras" */ = {
			isa = XCConfigurationList;
			buildConfigurations = (
				0EC2E8271BCFCC7300E148AB /* Debug */,
				0EC2E8281BCFCC7300E148AB /* Release */,
			);
			defaultConfigurationIsVisible = 0;
		};
/* End XCConfigurationList section */
	};
	rootObject = 0EC2E8171BCFCC6900E148AB /* Project object */;
}
